// !$*UTF8*$!
{
	archiveVersion = 1;
	classes = {
	};
	objectVersion = 60;
	objects = {

/* Begin PBXBuildFile section */
		84FB00F02C6C4AED00850E94 /* MarkEditWritingTools.m in Sources */ = {isa = PBXBuildFile; fileRef = 84FB00EF2C6C4AED00850E94 /* MarkEditWritingTools.m */; };
		8701D0A42CC12321006AF8C2 /* FileVersion in Frameworks */ = {isa = PBXBuildFile; productRef = 8701D0A32CC12321006AF8C2 /* FileVersion */; };
		87067E2729755D5C0052E795 /* EditorStatusView.swift in Sources */ = {isa = PBXBuildFile; fileRef = 87067E2629755D5C0052E795 /* EditorStatusView.swift */; };
		87091B9A2A963C6B00F5EF0D /* EditorTextInput.swift in Sources */ = {isa = PBXBuildFile; fileRef = 87091B992A963C6B00F5EF0D /* EditorTextInput.swift */; };
		8709C69E29B4412F009EABB5 /* AssistantSettingsView.swift in Sources */ = {isa = PBXBuildFile; fileRef = 8709C69D29B4412F009EABB5 /* AssistantSettingsView.swift */; };
		870A51AA294700E00095C7EB /* Assets.xcassets in Resources */ = {isa = PBXBuildFile; fileRef = 870A51A9294700E00095C7EB /* Assets.xcassets */; };
		870A51AD294700E00095C7EB /* Main.storyboard in Resources */ = {isa = PBXBuildFile; fileRef = 870A51AB294700E00095C7EB /* Main.storyboard */; };
		870A51B9294702AF0095C7EB /* EditorViewController.swift in Sources */ = {isa = PBXBuildFile; fileRef = 870A51B4294702AF0095C7EB /* EditorViewController.swift */; };
		870A51BA294702AF0095C7EB /* EditorWindowController.swift in Sources */ = {isa = PBXBuildFile; fileRef = 870A51B5294702AF0095C7EB /* EditorWindowController.swift */; };
		870A51BC294702AF0095C7EB /* AppDelegate.swift in Sources */ = {isa = PBXBuildFile; fileRef = 870A51B7294702AF0095C7EB /* AppDelegate.swift */; };
		870A51BD294702AF0095C7EB /* EditorDocument.swift in Sources */ = {isa = PBXBuildFile; fileRef = 870A51B8294702AF0095C7EB /* EditorDocument.swift */; };
		870A51C9294752530095C7EB /* index.html in Resources */ = {isa = PBXBuildFile; fileRef = 870A51C8294752530095C7EB /* index.html */; };
		870F17662984D2C000003DA7 /* EditorViewController+LineEndings.swift in Sources */ = {isa = PBXBuildFile; fileRef = 870F17652984D2C000003DA7 /* EditorViewController+LineEndings.swift */; };
		870F17682985285B00003DA7 /* EditorViewController+Config.swift in Sources */ = {isa = PBXBuildFile; fileRef = 870F17672985285B00003DA7 /* EditorViewController+Config.swift */; };
		870F177D29855CA500003DA7 /* MarkEditKit in Frameworks */ = {isa = PBXBuildFile; productRef = 870F177C29855CA500003DA7 /* MarkEditKit */; };
		870F178E2985775B00003DA7 /* AppKitControls in Frameworks */ = {isa = PBXBuildFile; productRef = 870F178D2985775B00003DA7 /* AppKitControls */; };
		870F17902985775B00003DA7 /* AppKitExtensions in Frameworks */ = {isa = PBXBuildFile; productRef = 870F178F2985775B00003DA7 /* AppKitExtensions */; };
		870F17922985775B00003DA7 /* Previewer in Frameworks */ = {isa = PBXBuildFile; productRef = 870F17912985775B00003DA7 /* Previewer */; };
		870F17962985775B00003DA7 /* SettingsUI in Frameworks */ = {isa = PBXBuildFile; productRef = 870F17952985775B00003DA7 /* SettingsUI */; };
		87132AA32C188FE900FD262B /* AppShortcuts.xcstrings in Resources */ = {isa = PBXBuildFile; fileRef = 87132AA22C188FE900FD262B /* AppShortcuts.xcstrings */; };
		871C995B2973F1E6003FF3A7 /* AppDelegate+Document.swift in Sources */ = {isa = PBXBuildFile; fileRef = 871C995A2973F1E6003FF3A7 /* AppDelegate+Document.swift */; };
		871C995D2973F20E003FF3A7 /* AppDelegate+Menu.swift in Sources */ = {isa = PBXBuildFile; fileRef = 871C995C2973F20E003FF3A7 /* AppDelegate+Menu.swift */; };
		8723B46929C0A6EA0013D5D5 /* EvaluateJavaScriptIntent.swift in Sources */ = {isa = PBXBuildFile; fileRef = 8723B46829C0A6EA0013D5D5 /* EvaluateJavaScriptIntent.swift */; };
		8725E0802977EEB3006A4961 /* EditorToolbarItems.swift in Sources */ = {isa = PBXBuildFile; fileRef = 8725E07F2977EEB3006A4961 /* EditorToolbarItems.swift */; };
		8725E0822977EF46006A4961 /* EditorViewController+Toolbar.swift in Sources */ = {isa = PBXBuildFile; fileRef = 8725E0812977EF46006A4961 /* EditorViewController+Toolbar.swift */; };
		872924062951525C007156B1 /* PreviewViewController.swift in Sources */ = {isa = PBXBuildFile; fileRef = 872924052951525C007156B1 /* PreviewViewController.swift */; };
		8729240B2951525C007156B1 /* Main.xib in Resources */ = {isa = PBXBuildFile; fileRef = 872924092951525C007156B1 /* Main.xib */; };
		872924102951525C007156B1 /* PreviewExtension.appex in Embed Foundation Extensions */ = {isa = PBXBuildFile; fileRef = 872924002951525C007156B1 /* PreviewExtension.appex */; settings = {ATTRIBUTES = (RemoveHeadersOnCopy, ); }; };
		8729C5A6294B5E6B006F262B /* EditorViewController+Menu.swift in Sources */ = {isa = PBXBuildFile; fileRef = 8729C5A5294B5E6B006F262B /* EditorViewController+Menu.swift */; };
		873126E4297BAC9C001521A0 /* EditorViewController+Pandoc.swift in Sources */ = {isa = PBXBuildFile; fileRef = 873126E3297BAC9C001521A0 /* EditorViewController+Pandoc.swift */; };
		873ACD4729644E2F00431498 /* EditorViewController+Encoding.swift in Sources */ = {isa = PBXBuildFile; fileRef = 873ACD4629644E2F00431498 /* EditorViewController+Encoding.swift */; };
		873D6402295FCC3E0095DEF7 /* AppResources.swift in Sources */ = {isa = PBXBuildFile; fileRef = 873D6401295FCC3E0095DEF7 /* AppResources.swift */; };
		874065792BB505F500B5CE5A /* EditorViewController+Events.swift in Sources */ = {isa = PBXBuildFile; fileRef = 874065782BB505F500B5CE5A /* EditorViewController+Events.swift */; };
		874788622C85E11D00ECF05B /* EditorChunkLoader.swift in Sources */ = {isa = PBXBuildFile; fileRef = 874788612C85E11D00ECF05B /* EditorChunkLoader.swift */; };
		874823CE29B0BD980067EC49 /* TextCompletion in Frameworks */ = {isa = PBXBuildFile; productRef = 874823CD29B0BD980067EC49 /* TextCompletion */; };
		874AAE2E2959F197000E0E84 /* EditorReplacePanel.swift in Sources */ = {isa = PBXBuildFile; fileRef = 874AAE2D2959F197000E0E84 /* EditorReplacePanel.swift */; };
		874BE6F429BB37FA002F83BA /* IntentProvider.swift in Sources */ = {isa = PBXBuildFile; fileRef = 874BE6F329BB37FA002F83BA /* IntentProvider.swift */; };
		874BE6F729BB57AC002F83BA /* IntentError.swift in Sources */ = {isa = PBXBuildFile; fileRef = 874BE6F629BB57AC002F83BA /* IntentError.swift */; };
		874BE6FB29BB5804002F83BA /* AppIntent+Extension.swift in Sources */ = {isa = PBXBuildFile; fileRef = 874BE6FA29BB5804002F83BA /* AppIntent+Extension.swift */; };
		874BE70229BB5889002F83BA /* GetFileContentIntent.swift in Sources */ = {isa = PBXBuildFile; fileRef = 874BE70129BB5889002F83BA /* GetFileContentIntent.swift */; };
		874BE70829BB62BA002F83BA /* CreateNewDocumentIntent.swift in Sources */ = {isa = PBXBuildFile; fileRef = 874BE70729BB62BA002F83BA /* CreateNewDocumentIntent.swift */; };
		874BE70E29BB73CA002F83BA /* UpdateFileContentIntent.swift in Sources */ = {isa = PBXBuildFile; fileRef = 874BE70D29BB73CA002F83BA /* UpdateFileContentIntent.swift */; };
		8752CEB6295B2F8800BA9D5B /* EditorPanelView.swift in Sources */ = {isa = PBXBuildFile; fileRef = 8752CEB5295B2F8800BA9D5B /* EditorPanelView.swift */; };
		8757F7FC2AAC815F001957DD /* Localizable.xcstrings in Resources */ = {isa = PBXBuildFile; fileRef = 8757F7FB2AAC815F001957DD /* Localizable.xcstrings */; };
		876578FA2993853500A1388A /* index.html in Resources */ = {isa = PBXBuildFile; fileRef = 876578F92993853500A1388A /* index.html */; };
		8765FD252AF28F1000C645A8 /* AppUpdater.swift in Sources */ = {isa = PBXBuildFile; fileRef = 8765FD242AF28F1000C645A8 /* AppUpdater.swift */; };
		8765FD292AF291D300C645A8 /* AppVersion.swift in Sources */ = {isa = PBXBuildFile; fileRef = 8765FD282AF291D300C645A8 /* AppVersion.swift */; };
		8767BBAF295A8BA500BFACAE /* EditorViewController+UI.swift in Sources */ = {isa = PBXBuildFile; fileRef = 8767BBAE295A8BA500BFACAE /* EditorViewController+UI.swift */; };
		8767BBB1295A8C1D00BFACAE /* EditorViewController+Delegate.swift in Sources */ = {isa = PBXBuildFile; fileRef = 8767BBB0295A8C1D00BFACAE /* EditorViewController+Delegate.swift */; };
		8767BBB5295AD62700BFACAE /* EditorReplaceButtons.swift in Sources */ = {isa = PBXBuildFile; fileRef = 8767BBB4295AD62700BFACAE /* EditorReplaceButtons.swift */; };
		8769BABE2C65F9D400EDA0A6 /* AppRuntimeConfig.swift in Sources */ = {isa = PBXBuildFile; fileRef = 8769BABD2C65F9D400EDA0A6 /* AppRuntimeConfig.swift */; };
		8772E385294AC60D00111E83 /* EditorReusePool.swift in Sources */ = {isa = PBXBuildFile; fileRef = 8772E384294AC60D00111E83 /* EditorReusePool.swift */; };
		8775A77B29867012005867BF /* FontPicker in Frameworks */ = {isa = PBXBuildFile; productRef = 8775A77A29867012005867BF /* FontPicker */; };
		877A6D802C77248A001EC516 /* NSPopover+Extension.swift in Sources */ = {isa = PBXBuildFile; fileRef = 877A6D7F2C77248A001EC516 /* NSPopover+Extension.swift */; };
		877B965D2C63815000186414 /* AppHotKeys.swift in Sources */ = {isa = PBXBuildFile; fileRef = 877B965C2C63815000186414 /* AppHotKeys.swift */; };
		8780AC182982554800065EF4 /* SettingTabs.swift in Sources */ = {isa = PBXBuildFile; fileRef = 8780AC172982554800065EF4 /* SettingTabs.swift */; };
		8780AC1C29829EDD00065EF4 /* GeneralSettingsView.swift in Sources */ = {isa = PBXBuildFile; fileRef = 8780AC1B29829EDD00065EF4 /* GeneralSettingsView.swift */; };
		8780AC1E2982A2C900065EF4 /* EditorSettingsView.swift in Sources */ = {isa = PBXBuildFile; fileRef = 8780AC1D2982A2C900065EF4 /* EditorSettingsView.swift */; };
		8780AC202982A2DD00065EF4 /* WindowSettingsView.swift in Sources */ = {isa = PBXBuildFile; fileRef = 8780AC1F2982A2DD00065EF4 /* WindowSettingsView.swift */; };
		87850C8629482A8600D1A952 /* NSApplication+Extension.swift in Sources */ = {isa = PBXBuildFile; fileRef = 87850C8529482A8600D1A952 /* NSApplication+Extension.swift */; };
		878AABE92CB111410081C5E1 /* EditorMenuItem.swift in Sources */ = {isa = PBXBuildFile; fileRef = 878AABE82CB111410081C5E1 /* EditorMenuItem.swift */; };
		878B7B9A2CE0DA8A00220F39 /* EditorViewController+FileVersion.swift in Sources */ = {isa = PBXBuildFile; fileRef = 878B7B992CE0DA7D00220F39 /* EditorViewController+FileVersion.swift */; };
		87877E722BD0B89C0082DC73 /* Unchecked.swift in Sources */ = {isa = PBXBuildFile; fileRef = 87877E712BD0B89C0082DC73 /* Unchecked.swift */; };
		8790ABD42A98F5F40083825C /* EditorViewController+Statistics.swift in Sources */ = {isa = PBXBuildFile; fileRef = 8790ABD32A98F5F40083825C /* EditorViewController+Statistics.swift */; };
		8790ABDB2A98FF610083825C /* Statistics in Frameworks */ = {isa = PBXBuildFile; productRef = 8790ABDA2A98FF610083825C /* Statistics */; };
		8790B6EC297036B2000DFC1A /* EditorWindow.swift in Sources */ = {isa = PBXBuildFile; fileRef = 8790B6EB297036B2000DFC1A /* EditorWindow.swift */; };
		879715C92D11548C0069964D /* EditorSaveOptionsView.swift in Sources */ = {isa = PBXBuildFile; fileRef = 879715C82D11547F0069964D /* EditorSaveOptionsView.swift */; };
		87A73AB3294C4B27006A710E /* EditorWebView.swift in Sources */ = {isa = PBXBuildFile; fileRef = 87A73AB2294C4B27006A710E /* EditorWebView.swift */; };
		87A73AB5294C4B48006A710E /* EditorFindPanel.swift in Sources */ = {isa = PBXBuildFile; fileRef = 87A73AB4294C4B48006A710E /* EditorFindPanel.swift */; };
		87AA1224296560AE00BE4719 /* EditorViewController+HyperLink.swift in Sources */ = {isa = PBXBuildFile; fileRef = 87AA1223296560AE00BE4719 /* EditorViewController+HyperLink.swift */; };
		87AAEDF52958258C00C8E61C /* EditorFindPanel+UI.swift in Sources */ = {isa = PBXBuildFile; fileRef = 87AAEDF42958258C00C8E61C /* EditorFindPanel+UI.swift */; };
		87AAEDF7295825D800C8E61C /* EditorFindPanel+Delegate.swift in Sources */ = {isa = PBXBuildFile; fileRef = 87AAEDF6295825D800C8E61C /* EditorFindPanel+Delegate.swift */; };
		87AAEDF929582C2700C8E61C /* EditorFindPanel+Menu.swift in Sources */ = {isa = PBXBuildFile; fileRef = 87AAEDF829582C2700C8E61C /* EditorFindPanel+Menu.swift */; };
		87AAEE0229585ADC00C8E61C /* AppPreferences.swift in Sources */ = {isa = PBXBuildFile; fileRef = 87AAEE0129585ADC00C8E61C /* AppPreferences.swift */; };
		87ACA65C2C858AF4008E24BA /* chunks in Resources */ = {isa = PBXBuildFile; fileRef = 87ACA65B2C858AF4008E24BA /* chunks */; };
		87ACB6942BD8CA8400CE6F9E /* Application.swift in Sources */ = {isa = PBXBuildFile; fileRef = 87ACB6932BD8CA8400CE6F9E /* Application.swift */; };
		87B3ED5A2CBCA97D001FA6CE /* AppDocumentController.swift in Sources */ = {isa = PBXBuildFile; fileRef = 87B3ED592CBCA97D001FA6CE /* AppDocumentController.swift */; };
		87B3ED5D2CBCADD6001FA6CE /* NSDocumentController+Extension.swift in Sources */ = {isa = PBXBuildFile; fileRef = 87B3ED5C2CBCADD6001FA6CE /* NSDocumentController+Extension.swift */; };
		87B3ED8F2CBE1E12001FA6CE /* DiffKit in Frameworks */ = {isa = PBXBuildFile; productRef = 87B3ED8E2CBE1E12001FA6CE /* DiffKit */; };
		87BD071229699A290053EF5F /* EditorViewController+Preview.swift in Sources */ = {isa = PBXBuildFile; fileRef = 87BD071129699A290053EF5F /* EditorViewController+Preview.swift */; };
		87BDF6E42976C97100548079 /* EditorViewController+GotoLine.swift in Sources */ = {isa = PBXBuildFile; fileRef = 87BDF6E32976C97100548079 /* EditorViewController+GotoLine.swift */; };
		87BEF30129A88F6800596E17 /* AppCustomization.swift in Sources */ = {isa = PBXBuildFile; fileRef = 87BEF30029A88F6800596E17 /* AppCustomization.swift */; };
		87CC48FD29CC01E100BE1441 /* TextBundle in Frameworks */ = {isa = PBXBuildFile; productRef = 87CC48FC29CC01E100BE1441 /* TextBundle */; };
		87D9322E2A925C6700B20D84 /* EditorReplaceTextField.swift in Sources */ = {isa = PBXBuildFile; fileRef = 87D9322D2A925C6700B20D84 /* EditorReplaceTextField.swift */; };
		87DCB6202B284AAD00A3056F /* AppHacks.swift in Sources */ = {isa = PBXBuildFile; fileRef = 87DCB61F2B284AAD00A3056F /* AppHacks.swift */; };
		87DE081B294DDA49004AD33A /* AppTheme.swift in Sources */ = {isa = PBXBuildFile; fileRef = 87DE081A294DDA49004AD33A /* AppTheme.swift */; };
		87DE084B294E22C5004AD33A /* EditorViewController+TextFinder.swift in Sources */ = {isa = PBXBuildFile; fileRef = 87DE084A294E22C5004AD33A /* EditorViewController+TextFinder.swift */; };
		87EB9901295755DA00A56B97 /* MarkEditCore in Frameworks */ = {isa = PBXBuildFile; productRef = 87EB9900295755DA00A56B97 /* MarkEditCore */; };
		87F2B5F429ACF56E0027103E /* EditorViewController+Completion.swift in Sources */ = {isa = PBXBuildFile; fileRef = 87F2B5F329ACF56E0027103E /* EditorViewController+Completion.swift */; };
		87F2B61429AF2F3A0027103E /* NSSpellChecker+Extension.swift in Sources */ = {isa = PBXBuildFile; fileRef = 87F2B61329AF2F3A0027103E /* NSSpellChecker+Extension.swift */; };
		87FAFFD72BE0B6A300FA509D /* AppDelegate+FileSystem.swift in Sources */ = {isa = PBXBuildFile; fileRef = 87FAFFD62BE0B6A300FA509D /* AppDelegate+FileSystem.swift */; };
/* End PBXBuildFile section */

/* Begin PBXContainerItemProxy section */
		8729240E2951525C007156B1 /* PBXContainerItemProxy */ = {
			isa = PBXContainerItemProxy;
			containerPortal = 870A519A294700DE0095C7EB /* Project object */;
			proxyType = 1;
			remoteGlobalIDString = 872923FF2951525C007156B1;
			remoteInfo = PreviewExtension;
		};
/* End PBXContainerItemProxy section */

/* Begin PBXCopyFilesBuildPhase section */
		872924112951525C007156B1 /* Embed Foundation Extensions */ = {
			isa = PBXCopyFilesBuildPhase;
			buildActionMask = 2147483647;
			dstPath = "";
			dstSubfolderSpec = 13;
			files = (
				872924102951525C007156B1 /* PreviewExtension.appex in Embed Foundation Extensions */,
			);
			name = "Embed Foundation Extensions";
			runOnlyForDeploymentPostprocessing = 0;
		};
/* End PBXCopyFilesBuildPhase section */

/* Begin PBXFileReference section */
		84FB00ED2C6C4AED00850E94 /* MarkEditMac-Bridging-Header.h */ = {isa = PBXFileReference; lastKnownFileType = sourcecode.c.h; path = "MarkEditMac-Bridging-Header.h"; sourceTree = "<group>"; };
		84FB00EE2C6C4AED00850E94 /* MarkEditWritingTools.h */ = {isa = PBXFileReference; lastKnownFileType = sourcecode.c.h; path = MarkEditWritingTools.h; sourceTree = "<group>"; };
		84FB00EF2C6C4AED00850E94 /* MarkEditWritingTools.m */ = {isa = PBXFileReference; lastKnownFileType = sourcecode.c.objc; path = MarkEditWritingTools.m; sourceTree = "<group>"; };
		87067E2629755D5C0052E795 /* EditorStatusView.swift */ = {isa = PBXFileReference; lastKnownFileType = sourcecode.swift; path = EditorStatusView.swift; sourceTree = "<group>"; };
		87091B992A963C6B00F5EF0D /* EditorTextInput.swift */ = {isa = PBXFileReference; lastKnownFileType = sourcecode.swift; path = EditorTextInput.swift; sourceTree = "<group>"; };
		8709C69D29B4412F009EABB5 /* AssistantSettingsView.swift */ = {isa = PBXFileReference; lastKnownFileType = sourcecode.swift; path = AssistantSettingsView.swift; sourceTree = "<group>"; };
		870A51A2294700DE0095C7EB /* MarkEdit.app */ = {isa = PBXFileReference; explicitFileType = wrapper.application; includeInIndex = 0; path = MarkEdit.app; sourceTree = BUILT_PRODUCTS_DIR; };
		870A51A9294700E00095C7EB /* Assets.xcassets */ = {isa = PBXFileReference; lastKnownFileType = folder.assetcatalog; path = Assets.xcassets; sourceTree = "<group>"; };
		870A51AC294700E00095C7EB /* Base */ = {isa = PBXFileReference; lastKnownFileType = file.storyboard; name = Base; path = Base.lproj/Main.storyboard; sourceTree = "<group>"; };
		870A51AE294700E00095C7EB /* Info.entitlements */ = {isa = PBXFileReference; lastKnownFileType = text.plist.entitlements; path = Info.entitlements; sourceTree = "<group>"; };
		870A51B4294702AF0095C7EB /* EditorViewController.swift */ = {isa = PBXFileReference; fileEncoding = 4; lastKnownFileType = sourcecode.swift; path = EditorViewController.swift; sourceTree = "<group>"; };
		870A51B5294702AF0095C7EB /* EditorWindowController.swift */ = {isa = PBXFileReference; fileEncoding = 4; lastKnownFileType = sourcecode.swift; path = EditorWindowController.swift; sourceTree = "<group>"; };
		870A51B7294702AF0095C7EB /* AppDelegate.swift */ = {isa = PBXFileReference; fileEncoding = 4; lastKnownFileType = sourcecode.swift; path = AppDelegate.swift; sourceTree = "<group>"; };
		870A51B8294702AF0095C7EB /* EditorDocument.swift */ = {isa = PBXFileReference; fileEncoding = 4; lastKnownFileType = sourcecode.swift; path = EditorDocument.swift; sourceTree = "<group>"; };
		870A51BE294702FD0095C7EB /* Info.plist */ = {isa = PBXFileReference; lastKnownFileType = text.plist; path = Info.plist; sourceTree = "<group>"; };
		870A51C8294752530095C7EB /* index.html */ = {isa = PBXFileReference; fileEncoding = 4; lastKnownFileType = text.html; name = index.html; path = CoreEditor/dist/index.html; sourceTree = SOURCE_ROOT; };
		870F17652984D2C000003DA7 /* EditorViewController+LineEndings.swift */ = {isa = PBXFileReference; lastKnownFileType = sourcecode.swift; path = "EditorViewController+LineEndings.swift"; sourceTree = "<group>"; };
		870F17672985285B00003DA7 /* EditorViewController+Config.swift */ = {isa = PBXFileReference; lastKnownFileType = sourcecode.swift; path = "EditorViewController+Config.swift"; sourceTree = "<group>"; };
		870F17752985546500003DA7 /* MarkEditCore */ = {isa = PBXFileReference; lastKnownFileType = wrapper; path = MarkEditCore; sourceTree = "<group>"; };
		870F178C2985774D00003DA7 /* Modules */ = {isa = PBXFileReference; lastKnownFileType = wrapper; path = Modules; sourceTree = "<group>"; };
		87132AA22C188FE900FD262B /* AppShortcuts.xcstrings */ = {isa = PBXFileReference; lastKnownFileType = text.json.xcstrings; path = AppShortcuts.xcstrings; sourceTree = "<group>"; };
		871C995A2973F1E6003FF3A7 /* AppDelegate+Document.swift */ = {isa = PBXFileReference; lastKnownFileType = sourcecode.swift; path = "AppDelegate+Document.swift"; sourceTree = "<group>"; };
		871C995C2973F20E003FF3A7 /* AppDelegate+Menu.swift */ = {isa = PBXFileReference; lastKnownFileType = sourcecode.swift; path = "AppDelegate+Menu.swift"; sourceTree = "<group>"; };
		8723B46829C0A6EA0013D5D5 /* EvaluateJavaScriptIntent.swift */ = {isa = PBXFileReference; lastKnownFileType = sourcecode.swift; path = EvaluateJavaScriptIntent.swift; sourceTree = "<group>"; };
		8725E07F2977EEB3006A4961 /* EditorToolbarItems.swift */ = {isa = PBXFileReference; lastKnownFileType = sourcecode.swift; path = EditorToolbarItems.swift; sourceTree = "<group>"; };
		8725E0812977EF46006A4961 /* EditorViewController+Toolbar.swift */ = {isa = PBXFileReference; lastKnownFileType = sourcecode.swift; path = "EditorViewController+Toolbar.swift"; sourceTree = "<group>"; };
		872924002951525C007156B1 /* PreviewExtension.appex */ = {isa = PBXFileReference; explicitFileType = "wrapper.app-extension"; includeInIndex = 0; path = PreviewExtension.appex; sourceTree = BUILT_PRODUCTS_DIR; };
		872924052951525C007156B1 /* PreviewViewController.swift */ = {isa = PBXFileReference; lastKnownFileType = sourcecode.swift; path = PreviewViewController.swift; sourceTree = "<group>"; };
		8729240A2951525C007156B1 /* Base */ = {isa = PBXFileReference; lastKnownFileType = file.xib; name = Base; path = Base.lproj/Main.xib; sourceTree = "<group>"; };
		8729240C2951525C007156B1 /* Info.plist */ = {isa = PBXFileReference; lastKnownFileType = text.plist.xml; path = Info.plist; sourceTree = "<group>"; };
		8729240D2951525C007156B1 /* Info.entitlements */ = {isa = PBXFileReference; lastKnownFileType = text.plist.entitlements; path = Info.entitlements; sourceTree = "<group>"; };
		8729C5A5294B5E6B006F262B /* EditorViewController+Menu.swift */ = {isa = PBXFileReference; lastKnownFileType = sourcecode.swift; path = "EditorViewController+Menu.swift"; sourceTree = "<group>"; };
		873126E3297BAC9C001521A0 /* EditorViewController+Pandoc.swift */ = {isa = PBXFileReference; lastKnownFileType = sourcecode.swift; path = "EditorViewController+Pandoc.swift"; sourceTree = "<group>"; };
		873ACD4629644E2F00431498 /* EditorViewController+Encoding.swift */ = {isa = PBXFileReference; lastKnownFileType = sourcecode.swift; path = "EditorViewController+Encoding.swift"; sourceTree = "<group>"; };
		873D6401295FCC3E0095DEF7 /* AppResources.swift */ = {isa = PBXFileReference; lastKnownFileType = sourcecode.swift; path = AppResources.swift; sourceTree = "<group>"; };
		874065782BB505F500B5CE5A /* EditorViewController+Events.swift */ = {isa = PBXFileReference; lastKnownFileType = sourcecode.swift; path = "EditorViewController+Events.swift"; sourceTree = "<group>"; };
		8743B26229593B2000F83DAE /* Build.xcconfig */ = {isa = PBXFileReference; lastKnownFileType = text.xcconfig; path = Build.xcconfig; sourceTree = "<group>"; };
		874788612C85E11D00ECF05B /* EditorChunkLoader.swift */ = {isa = PBXFileReference; fileEncoding = 4; lastKnownFileType = sourcecode.swift; path = EditorChunkLoader.swift; sourceTree = "<group>"; };
		874AAE2D2959F197000E0E84 /* EditorReplacePanel.swift */ = {isa = PBXFileReference; lastKnownFileType = sourcecode.swift; path = EditorReplacePanel.swift; sourceTree = "<group>"; };
		874BE6F329BB37FA002F83BA /* IntentProvider.swift */ = {isa = PBXFileReference; lastKnownFileType = sourcecode.swift; path = IntentProvider.swift; sourceTree = "<group>"; };
		874BE6F629BB57AC002F83BA /* IntentError.swift */ = {isa = PBXFileReference; lastKnownFileType = sourcecode.swift; path = IntentError.swift; sourceTree = "<group>"; };
		874BE6FA29BB5804002F83BA /* AppIntent+Extension.swift */ = {isa = PBXFileReference; lastKnownFileType = sourcecode.swift; path = "AppIntent+Extension.swift"; sourceTree = "<group>"; };
		874BE70129BB5889002F83BA /* GetFileContentIntent.swift */ = {isa = PBXFileReference; lastKnownFileType = sourcecode.swift; path = GetFileContentIntent.swift; sourceTree = "<group>"; };
		874BE70729BB62BA002F83BA /* CreateNewDocumentIntent.swift */ = {isa = PBXFileReference; lastKnownFileType = sourcecode.swift; path = CreateNewDocumentIntent.swift; sourceTree = "<group>"; };
		874BE70D29BB73CA002F83BA /* UpdateFileContentIntent.swift */ = {isa = PBXFileReference; lastKnownFileType = sourcecode.swift; path = UpdateFileContentIntent.swift; sourceTree = "<group>"; };
		8752CEB5295B2F8800BA9D5B /* EditorPanelView.swift */ = {isa = PBXFileReference; lastKnownFileType = sourcecode.swift; path = EditorPanelView.swift; sourceTree = "<group>"; };
		8757F7F92AAC815F001957DD /* mul */ = {isa = PBXFileReference; lastKnownFileType = text.json.xcstrings; name = mul; path = mul.lproj/Main.xcstrings; sourceTree = "<group>"; };
		8757F7FA2AAC815F001957DD /* mul */ = {isa = PBXFileReference; lastKnownFileType = text.json.xcstrings; name = mul; path = mul.lproj/Main.xcstrings; sourceTree = "<group>"; };
		8757F7FB2AAC815F001957DD /* Localizable.xcstrings */ = {isa = PBXFileReference; lastKnownFileType = text.json.xcstrings; path = Localizable.xcstrings; sourceTree = "<group>"; };
		876578F92993853500A1388A /* index.html */ = {isa = PBXFileReference; fileEncoding = 4; lastKnownFileType = text.html; name = index.html; path = "CoreEditor/src/@light/dist/index.html"; sourceTree = SOURCE_ROOT; };
		8765FD242AF28F1000C645A8 /* AppUpdater.swift */ = {isa = PBXFileReference; lastKnownFileType = sourcecode.swift; path = AppUpdater.swift; sourceTree = "<group>"; };
		8765FD282AF291D300C645A8 /* AppVersion.swift */ = {isa = PBXFileReference; lastKnownFileType = sourcecode.swift; path = AppVersion.swift; sourceTree = "<group>"; };
		8767BBAE295A8BA500BFACAE /* EditorViewController+UI.swift */ = {isa = PBXFileReference; lastKnownFileType = sourcecode.swift; path = "EditorViewController+UI.swift"; sourceTree = "<group>"; };
		8767BBB0295A8C1D00BFACAE /* EditorViewController+Delegate.swift */ = {isa = PBXFileReference; lastKnownFileType = sourcecode.swift; path = "EditorViewController+Delegate.swift"; sourceTree = "<group>"; };
		8767BBB4295AD62700BFACAE /* EditorReplaceButtons.swift */ = {isa = PBXFileReference; lastKnownFileType = sourcecode.swift; path = EditorReplaceButtons.swift; sourceTree = "<group>"; };
		8769BABD2C65F9D400EDA0A6 /* AppRuntimeConfig.swift */ = {isa = PBXFileReference; lastKnownFileType = sourcecode.swift; path = AppRuntimeConfig.swift; sourceTree = "<group>"; };
		8772E384294AC60D00111E83 /* EditorReusePool.swift */ = {isa = PBXFileReference; lastKnownFileType = sourcecode.swift; path = EditorReusePool.swift; sourceTree = "<group>"; };
		877A6D7F2C77248A001EC516 /* NSPopover+Extension.swift */ = {isa = PBXFileReference; lastKnownFileType = sourcecode.swift; path = "NSPopover+Extension.swift"; sourceTree = "<group>"; };
		877B965C2C63815000186414 /* AppHotKeys.swift */ = {isa = PBXFileReference; lastKnownFileType = sourcecode.swift; path = AppHotKeys.swift; sourceTree = "<group>"; };
		8780AC172982554800065EF4 /* SettingTabs.swift */ = {isa = PBXFileReference; lastKnownFileType = sourcecode.swift; path = SettingTabs.swift; sourceTree = "<group>"; };
		8780AC1B29829EDD00065EF4 /* GeneralSettingsView.swift */ = {isa = PBXFileReference; lastKnownFileType = sourcecode.swift; path = GeneralSettingsView.swift; sourceTree = "<group>"; };
		8780AC1D2982A2C900065EF4 /* EditorSettingsView.swift */ = {isa = PBXFileReference; lastKnownFileType = sourcecode.swift; path = EditorSettingsView.swift; sourceTree = "<group>"; };
		8780AC1F2982A2DD00065EF4 /* WindowSettingsView.swift */ = {isa = PBXFileReference; lastKnownFileType = sourcecode.swift; path = WindowSettingsView.swift; sourceTree = "<group>"; };
		87850C8529482A8600D1A952 /* NSApplication+Extension.swift */ = {isa = PBXFileReference; lastKnownFileType = sourcecode.swift; path = "NSApplication+Extension.swift"; sourceTree = "<group>"; };
		878AABE82CB111410081C5E1 /* EditorMenuItem.swift */ = {isa = PBXFileReference; lastKnownFileType = sourcecode.swift; path = EditorMenuItem.swift; sourceTree = "<group>"; };
		878B7B992CE0DA7D00220F39 /* EditorViewController+FileVersion.swift */ = {isa = PBXFileReference; lastKnownFileType = sourcecode.swift; path = "EditorViewController+FileVersion.swift"; sourceTree = "<group>"; };
		87877E712BD0B89C0082DC73 /* Unchecked.swift */ = {isa = PBXFileReference; fileEncoding = 4; lastKnownFileType = sourcecode.swift; path = Unchecked.swift; sourceTree = "<group>"; };
		8790ABD32A98F5F40083825C /* EditorViewController+Statistics.swift */ = {isa = PBXFileReference; lastKnownFileType = sourcecode.swift; path = "EditorViewController+Statistics.swift"; sourceTree = "<group>"; };
		8790B6EB297036B2000DFC1A /* EditorWindow.swift */ = {isa = PBXFileReference; lastKnownFileType = sourcecode.swift; path = EditorWindow.swift; sourceTree = "<group>"; };
		879715C82D11547F0069964D /* EditorSaveOptionsView.swift */ = {isa = PBXFileReference; lastKnownFileType = sourcecode.swift; path = EditorSaveOptionsView.swift; sourceTree = "<group>"; };
		87A73AB2294C4B27006A710E /* EditorWebView.swift */ = {isa = PBXFileReference; lastKnownFileType = sourcecode.swift; path = EditorWebView.swift; sourceTree = "<group>"; };
		87A73AB4294C4B48006A710E /* EditorFindPanel.swift */ = {isa = PBXFileReference; lastKnownFileType = sourcecode.swift; path = EditorFindPanel.swift; sourceTree = "<group>"; };
		87AA1223296560AE00BE4719 /* EditorViewController+HyperLink.swift */ = {isa = PBXFileReference; lastKnownFileType = sourcecode.swift; path = "EditorViewController+HyperLink.swift"; sourceTree = "<group>"; };
		87AAEDF42958258C00C8E61C /* EditorFindPanel+UI.swift */ = {isa = PBXFileReference; lastKnownFileType = sourcecode.swift; path = "EditorFindPanel+UI.swift"; sourceTree = "<group>"; };
		87AAEDF6295825D800C8E61C /* EditorFindPanel+Delegate.swift */ = {isa = PBXFileReference; lastKnownFileType = sourcecode.swift; path = "EditorFindPanel+Delegate.swift"; sourceTree = "<group>"; };
		87AAEDF829582C2700C8E61C /* EditorFindPanel+Menu.swift */ = {isa = PBXFileReference; lastKnownFileType = sourcecode.swift; path = "EditorFindPanel+Menu.swift"; sourceTree = "<group>"; };
		87AAEE0129585ADC00C8E61C /* AppPreferences.swift */ = {isa = PBXFileReference; lastKnownFileType = sourcecode.swift; path = AppPreferences.swift; sourceTree = "<group>"; };
		87ACA65B2C858AF4008E24BA /* chunks */ = {isa = PBXFileReference; lastKnownFileType = folder; name = chunks; path = CoreEditor/dist/chunks; sourceTree = SOURCE_ROOT; };
		87ACB6932BD8CA8400CE6F9E /* Application.swift */ = {isa = PBXFileReference; lastKnownFileType = sourcecode.swift; path = Application.swift; sourceTree = "<group>"; };
		87B3ED592CBCA97D001FA6CE /* AppDocumentController.swift */ = {isa = PBXFileReference; lastKnownFileType = sourcecode.swift; path = AppDocumentController.swift; sourceTree = "<group>"; };
		87B3ED5C2CBCADD6001FA6CE /* NSDocumentController+Extension.swift */ = {isa = PBXFileReference; lastKnownFileType = sourcecode.swift; path = "NSDocumentController+Extension.swift"; sourceTree = "<group>"; };
		87BD071129699A290053EF5F /* EditorViewController+Preview.swift */ = {isa = PBXFileReference; lastKnownFileType = sourcecode.swift; path = "EditorViewController+Preview.swift"; sourceTree = "<group>"; };
		87BDF6E32976C97100548079 /* EditorViewController+GotoLine.swift */ = {isa = PBXFileReference; lastKnownFileType = sourcecode.swift; path = "EditorViewController+GotoLine.swift"; sourceTree = "<group>"; };
		87BEF30029A88F6800596E17 /* AppCustomization.swift */ = {isa = PBXFileReference; lastKnownFileType = sourcecode.swift; path = AppCustomization.swift; sourceTree = "<group>"; };
		87BFF238298AAC75006C31E4 /* MarkEditTools */ = {isa = PBXFileReference; lastKnownFileType = wrapper; path = MarkEditTools; sourceTree = "<group>"; };
		87C3CBFA29545944002A3436 /* MarkEditKit */ = {isa = PBXFileReference; lastKnownFileType = wrapper; path = MarkEditKit; sourceTree = "<group>"; };
		87D9322D2A925C6700B20D84 /* EditorReplaceTextField.swift */ = {isa = PBXFileReference; lastKnownFileType = sourcecode.swift; path = EditorReplaceTextField.swift; sourceTree = "<group>"; };
		87DCB61F2B284AAD00A3056F /* AppHacks.swift */ = {isa = PBXFileReference; lastKnownFileType = sourcecode.swift; path = AppHacks.swift; sourceTree = "<group>"; };
		87DE081A294DDA49004AD33A /* AppTheme.swift */ = {isa = PBXFileReference; lastKnownFileType = sourcecode.swift; path = AppTheme.swift; sourceTree = "<group>"; };
		87DE084A294E22C5004AD33A /* EditorViewController+TextFinder.swift */ = {isa = PBXFileReference; lastKnownFileType = sourcecode.swift; path = "EditorViewController+TextFinder.swift"; sourceTree = "<group>"; };
		87F2B5F329ACF56E0027103E /* EditorViewController+Completion.swift */ = {isa = PBXFileReference; lastKnownFileType = sourcecode.swift; path = "EditorViewController+Completion.swift"; sourceTree = "<group>"; };
		87F2B61329AF2F3A0027103E /* NSSpellChecker+Extension.swift */ = {isa = PBXFileReference; fileEncoding = 4; lastKnownFileType = sourcecode.swift; path = "NSSpellChecker+Extension.swift"; sourceTree = "<group>"; };
		87FAFFD62BE0B6A300FA509D /* AppDelegate+FileSystem.swift */ = {isa = PBXFileReference; lastKnownFileType = sourcecode.swift; path = "AppDelegate+FileSystem.swift"; sourceTree = "<group>"; };
/* End PBXFileReference section */

/* Begin PBXFrameworksBuildPhase section */
		870A519F294700DE0095C7EB /* Frameworks */ = {
			isa = PBXFrameworksBuildPhase;
			buildActionMask = 2147483647;
			files = (
				870F177D29855CA500003DA7 /* MarkEditKit in Frameworks */,
				870F17902985775B00003DA7 /* AppKitExtensions in Frameworks */,
				8790ABDB2A98FF610083825C /* Statistics in Frameworks */,
				87CC48FD29CC01E100BE1441 /* TextBundle in Frameworks */,
				87B3ED8F2CBE1E12001FA6CE /* DiffKit in Frameworks */,
				8701D0A42CC12321006AF8C2 /* FileVersion in Frameworks */,
				8775A77B29867012005867BF /* FontPicker in Frameworks */,
				870F17922985775B00003DA7 /* Previewer in Frameworks */,
				874823CE29B0BD980067EC49 /* TextCompletion in Frameworks */,
				870F178E2985775B00003DA7 /* AppKitControls in Frameworks */,
				870F17962985775B00003DA7 /* SettingsUI in Frameworks */,
			);
			runOnlyForDeploymentPostprocessing = 0;
		};
		872923FD2951525C007156B1 /* Frameworks */ = {
			isa = PBXFrameworksBuildPhase;
			buildActionMask = 2147483647;
			files = (
				87EB9901295755DA00A56B97 /* MarkEditCore in Frameworks */,
			);
			runOnlyForDeploymentPostprocessing = 0;
		};
/* End PBXFrameworksBuildPhase section */

/* Begin PBXGroup section */
		84FB00EC2C6C4ADC00850E94 /* ObjC */ = {
			isa = PBXGroup;
			children = (
				84FB00EE2C6C4AED00850E94 /* MarkEditWritingTools.h */,
				84FB00EF2C6C4AED00850E94 /* MarkEditWritingTools.m */,
				84FB00ED2C6C4AED00850E94 /* MarkEditMac-Bridging-Header.h */,
			);
			path = ObjC;
			sourceTree = "<group>";
		};
		870A5199294700DE0095C7EB = {
			isa = PBXGroup;
			children = (
				870F17752985546500003DA7 /* MarkEditCore */,
				87C3CBFA29545944002A3436 /* MarkEditKit */,
				87BFF238298AAC75006C31E4 /* MarkEditTools */,
				870A51A4294700DE0095C7EB /* MarkEditMac */,
				872924042951525C007156B1 /* PreviewExtension */,
				870A51A3294700DE0095C7EB /* Products */,
				874823CC29B0BD980067EC49 /* Frameworks */,
				8743B26229593B2000F83DAE /* Build.xcconfig */,
			);
			indentWidth = 2;
			sourceTree = "<group>";
			tabWidth = 2;
			usesTabs = 0;
			wrapsLines = 1;
		};
		870A51A3294700DE0095C7EB /* Products */ = {
			isa = PBXGroup;
			children = (
				870A51A2294700DE0095C7EB /* MarkEdit.app */,
				872924002951525C007156B1 /* PreviewExtension.appex */,
			);
			name = Products;
			sourceTree = "<group>";
		};
		870A51A4294700DE0095C7EB /* MarkEditMac */ = {
			isa = PBXGroup;
			children = (
				870F178C2985774D00003DA7 /* Modules */,
				870A51C52947103A0095C7EB /* Sources */,
				870A51C229470D5C0095C7EB /* Resources */,
				870A51C129470CAB0095C7EB /* Supporting Files */,
			);
			path = MarkEditMac;
			sourceTree = "<group>";
		};
		870A51C129470CAB0095C7EB /* Supporting Files */ = {
			isa = PBXGroup;
			children = (
				870A51BE294702FD0095C7EB /* Info.plist */,
				870A51AE294700E00095C7EB /* Info.entitlements */,
				870A51AB294700E00095C7EB /* Main.storyboard */,
				87132AA22C188FE900FD262B /* AppShortcuts.xcstrings */,
			);
			name = "Supporting Files";
			sourceTree = "<group>";
		};
		870A51C229470D5C0095C7EB /* Resources */ = {
			isa = PBXGroup;
			children = (
				87ACA65B2C858AF4008E24BA /* chunks */,
				870A51C8294752530095C7EB /* index.html */,
				870A51A9294700E00095C7EB /* Assets.xcassets */,
				8757F7FB2AAC815F001957DD /* Localizable.xcstrings */,
			);
			path = Resources;
			sourceTree = "<group>";
		};
		870A51C429470D830095C7EB /* Editor */ = {
			isa = PBXGroup;
			children = (
				87A73AAB294C3788006A710E /* Models */,
				87A73AB1294C4B0A006A710E /* Views */,
				8767BBAC295A893200BFACAE /* Controllers */,
				874788612C85E11D00ECF05B /* EditorChunkLoader.swift */,
				8790B6EB297036B2000DFC1A /* EditorWindow.swift */,
				870A51B5294702AF0095C7EB /* EditorWindowController.swift */,
			);
			path = Editor;
			sourceTree = "<group>";
		};
		870A51C52947103A0095C7EB /* Sources */ = {
			isa = PBXGroup;
			children = (
				873D6403295FD2FF0095DEF7 /* Main */,
				870A51C429470D830095C7EB /* Editor */,
				870F1797298577A000003DA7 /* Panels */,
				874BE6F229BB37D5002F83BA /* Shortcuts */,
				8780AC0A29822C5500065EF4 /* Settings */,
				8765FD262AF291A300C645A8 /* Updater */,
				87850C8429482A6A00D1A952 /* Extensions */,
				84FB00EC2C6C4ADC00850E94 /* ObjC */,
				87877E712BD0B89C0082DC73 /* Unchecked.swift */,
			);
			path = Sources;
			sourceTree = "<group>";
		};
		870F1797298577A000003DA7 /* Panels */ = {
			isa = PBXGroup;
			children = (
				8767BBAD295A895200BFACAE /* Find */,
				87AAEDF12958244D00C8E61C /* Replace */,
			);
			path = Panels;
			sourceTree = "<group>";
		};
		871C99592973F1C2003FF3A7 /* Application */ = {
			isa = PBXGroup;
			children = (
				87ACB6932BD8CA8400CE6F9E /* Application.swift */,
				870A51B7294702AF0095C7EB /* AppDelegate.swift */,
				87FAFFD62BE0B6A300FA509D /* AppDelegate+FileSystem.swift */,
				871C995C2973F20E003FF3A7 /* AppDelegate+Menu.swift */,
				871C995A2973F1E6003FF3A7 /* AppDelegate+Document.swift */,
			);
			path = Application;
			sourceTree = "<group>";
		};
		872924042951525C007156B1 /* PreviewExtension */ = {
			isa = PBXGroup;
			children = (
				872924052951525C007156B1 /* PreviewViewController.swift */,
				872924262951A134007156B1 /* Supporting Files */,
			);
			path = PreviewExtension;
			sourceTree = "<group>";
		};
		872924262951A134007156B1 /* Supporting Files */ = {
			isa = PBXGroup;
			children = (
				8729240C2951525C007156B1 /* Info.plist */,
				8729240D2951525C007156B1 /* Info.entitlements */,
				872924092951525C007156B1 /* Main.xib */,
				876578F92993853500A1388A /* index.html */,
			);
			name = "Supporting Files";
			sourceTree = "<group>";
		};
		873D6403295FD2FF0095DEF7 /* Main */ = {
			isa = PBXGroup;
			children = (
				871C99592973F1C2003FF3A7 /* Application */,
				87DCB61F2B284AAD00A3056F /* AppHacks.swift */,
				877B965C2C63815000186414 /* AppHotKeys.swift */,
				87B3ED592CBCA97D001FA6CE /* AppDocumentController.swift */,
				873D6401295FCC3E0095DEF7 /* AppResources.swift */,
				87DE081A294DDA49004AD33A /* AppTheme.swift */,
				87AAEE0129585ADC00C8E61C /* AppPreferences.swift */,
				87BEF30029A88F6800596E17 /* AppCustomization.swift */,
				8769BABD2C65F9D400EDA0A6 /* AppRuntimeConfig.swift */,
			);
			path = Main;
			sourceTree = "<group>";
		};
		874823CC29B0BD980067EC49 /* Frameworks */ = {
			isa = PBXGroup;
			children = (
			);
			name = Frameworks;
			sourceTree = "<group>";
		};
		874BE6F229BB37D5002F83BA /* Shortcuts */ = {
			isa = PBXGroup;
			children = (
				874BE6FD29BB581E002F83BA /* Intents */,
				874BE6F929BB57FA002F83BA /* Extensions */,
				874BE6F629BB57AC002F83BA /* IntentError.swift */,
				874BE6F329BB37FA002F83BA /* IntentProvider.swift */,
			);
			path = Shortcuts;
			sourceTree = "<group>";
		};
		874BE6F929BB57FA002F83BA /* Extensions */ = {
			isa = PBXGroup;
			children = (
				874BE6FA29BB5804002F83BA /* AppIntent+Extension.swift */,
			);
			path = Extensions;
			sourceTree = "<group>";
		};
		874BE6FD29BB581E002F83BA /* Intents */ = {
			isa = PBXGroup;
			children = (
				874BE70729BB62BA002F83BA /* CreateNewDocumentIntent.swift */,
				8723B46829C0A6EA0013D5D5 /* EvaluateJavaScriptIntent.swift */,
				874BE70129BB5889002F83BA /* GetFileContentIntent.swift */,
				874BE70D29BB73CA002F83BA /* UpdateFileContentIntent.swift */,
			);
			path = Intents;
			sourceTree = "<group>";
		};
		8765FD262AF291A300C645A8 /* Updater */ = {
			isa = PBXGroup;
			children = (
				8765FD282AF291D300C645A8 /* AppVersion.swift */,
				8765FD242AF28F1000C645A8 /* AppUpdater.swift */,
			);
			path = Updater;
			sourceTree = "<group>";
		};
		8767BBAC295A893200BFACAE /* Controllers */ = {
			isa = PBXGroup;
			children = (
				870A51B4294702AF0095C7EB /* EditorViewController.swift */,
				8767BBAE295A8BA500BFACAE /* EditorViewController+UI.swift */,
				874065782BB505F500B5CE5A /* EditorViewController+Events.swift */,
				870F17672985285B00003DA7 /* EditorViewController+Config.swift */,
				8767BBB0295A8C1D00BFACAE /* EditorViewController+Delegate.swift */,
				87F2B5F329ACF56E0027103E /* EditorViewController+Completion.swift */,
				8729C5A5294B5E6B006F262B /* EditorViewController+Menu.swift */,
				8725E0812977EF46006A4961 /* EditorViewController+Toolbar.swift */,
				87DE084A294E22C5004AD33A /* EditorViewController+TextFinder.swift */,
				873ACD4629644E2F00431498 /* EditorViewController+Encoding.swift */,
				870F17652984D2C000003DA7 /* EditorViewController+LineEndings.swift */,
				878B7B992CE0DA7D00220F39 /* EditorViewController+FileVersion.swift */,
				87AA1223296560AE00BE4719 /* EditorViewController+HyperLink.swift */,
				87BD071129699A290053EF5F /* EditorViewController+Preview.swift */,
				87BDF6E32976C97100548079 /* EditorViewController+GotoLine.swift */,
				8790ABD32A98F5F40083825C /* EditorViewController+Statistics.swift */,
				873126E3297BAC9C001521A0 /* EditorViewController+Pandoc.swift */,
			);
			path = Controllers;
			sourceTree = "<group>";
		};
		8767BBAD295A895200BFACAE /* Find */ = {
			isa = PBXGroup;
			children = (
				87A73AB4294C4B48006A710E /* EditorFindPanel.swift */,
				87AAEDF42958258C00C8E61C /* EditorFindPanel+UI.swift */,
				87AAEDF6295825D800C8E61C /* EditorFindPanel+Delegate.swift */,
				87AAEDF829582C2700C8E61C /* EditorFindPanel+Menu.swift */,
			);
			path = Find;
			sourceTree = "<group>";
		};
		8780AC0A29822C5500065EF4 /* Settings */ = {
			isa = PBXGroup;
			children = (
				8780AC172982554800065EF4 /* SettingTabs.swift */,
				8780AC1D2982A2C900065EF4 /* EditorSettingsView.swift */,
				8709C69D29B4412F009EABB5 /* AssistantSettingsView.swift */,
				8780AC1B29829EDD00065EF4 /* GeneralSettingsView.swift */,
				8780AC1F2982A2DD00065EF4 /* WindowSettingsView.swift */,
			);
			path = Settings;
			sourceTree = "<group>";
		};
		87850C8429482A6A00D1A952 /* Extensions */ = {
			isa = PBXGroup;
			children = (
				87850C8529482A8600D1A952 /* NSApplication+Extension.swift */,
				87F2B61329AF2F3A0027103E /* NSSpellChecker+Extension.swift */,
				877A6D7F2C77248A001EC516 /* NSPopover+Extension.swift */,
				87B3ED5C2CBCADD6001FA6CE /* NSDocumentController+Extension.swift */,
			);
			path = Extensions;
			sourceTree = "<group>";
		};
		87A73AAB294C3788006A710E /* Models */ = {
			isa = PBXGroup;
			children = (
				870A51B8294702AF0095C7EB /* EditorDocument.swift */,
				8772E384294AC60D00111E83 /* EditorReusePool.swift */,
				8725E07F2977EEB3006A4961 /* EditorToolbarItems.swift */,
				878AABE82CB111410081C5E1 /* EditorMenuItem.swift */,
			);
			path = Models;
			sourceTree = "<group>";
		};
		87A73AB1294C4B0A006A710E /* Views */ = {
			isa = PBXGroup;
			children = (
				87091B992A963C6B00F5EF0D /* EditorTextInput.swift */,
				8752CEB5295B2F8800BA9D5B /* EditorPanelView.swift */,
				87A73AB2294C4B27006A710E /* EditorWebView.swift */,
				879715C82D11547F0069964D /* EditorSaveOptionsView.swift */,
				87067E2629755D5C0052E795 /* EditorStatusView.swift */,
			);
			path = Views;
			sourceTree = "<group>";
		};
		87AAEDF12958244D00C8E61C /* Replace */ = {
			isa = PBXGroup;
			children = (
				874AAE2D2959F197000E0E84 /* EditorReplacePanel.swift */,
				87D9322D2A925C6700B20D84 /* EditorReplaceTextField.swift */,
				8767BBB4295AD62700BFACAE /* EditorReplaceButtons.swift */,
			);
			path = Replace;
			sourceTree = "<group>";
		};
/* End PBXGroup section */

/* Begin PBXNativeTarget section */
		870A51A1294700DE0095C7EB /* MarkEditMac */ = {
			isa = PBXNativeTarget;
			buildConfigurationList = 870A51B1294700E00095C7EB /* Build configuration list for PBXNativeTarget "MarkEditMac" */;
			buildPhases = (
				870A519E294700DE0095C7EB /* Sources */,
				870A519F294700DE0095C7EB /* Frameworks */,
				870A51A0294700DE0095C7EB /* Resources */,
				872924112951525C007156B1 /* Embed Foundation Extensions */,
			);
			buildRules = (
			);
			dependencies = (
				87BFF24E298AB754006C31E4 /* PBXTargetDependency */,
				8729240F2951525C007156B1 /* PBXTargetDependency */,
			);
			name = MarkEditMac;
			packageProductDependencies = (
				870F177C29855CA500003DA7 /* MarkEditKit */,
				870F178D2985775B00003DA7 /* AppKitControls */,
				870F178F2985775B00003DA7 /* AppKitExtensions */,
				870F17912985775B00003DA7 /* Previewer */,
				870F17952985775B00003DA7 /* SettingsUI */,
				8775A77A29867012005867BF /* FontPicker */,
				874823CD29B0BD980067EC49 /* TextCompletion */,
				87CC48FC29CC01E100BE1441 /* TextBundle */,
				8790ABDA2A98FF610083825C /* Statistics */,
				87B3ED8E2CBE1E12001FA6CE /* DiffKit */,
				8701D0A32CC12321006AF8C2 /* FileVersion */,
			);
			productName = MarkEdit;
			productReference = 870A51A2294700DE0095C7EB /* MarkEdit.app */;
			productType = "com.apple.product-type.application";
		};
		872923FF2951525C007156B1 /* PreviewExtension */ = {
			isa = PBXNativeTarget;
			buildConfigurationList = 872924142951525C007156B1 /* Build configuration list for PBXNativeTarget "PreviewExtension" */;
			buildPhases = (
				872923FC2951525C007156B1 /* Sources */,
				872923FD2951525C007156B1 /* Frameworks */,
				872923FE2951525C007156B1 /* Resources */,
			);
			buildRules = (
			);
			dependencies = (
			);
			name = PreviewExtension;
			packageProductDependencies = (
				87EB9900295755DA00A56B97 /* MarkEditCore */,
			);
			productName = PreviewExtension;
			productReference = 872924002951525C007156B1 /* PreviewExtension.appex */;
			productType = "com.apple.product-type.app-extension";
		};
/* End PBXNativeTarget section */

/* Begin PBXProject section */
		870A519A294700DE0095C7EB /* Project object */ = {
			isa = PBXProject;
			attributes = {
				BuildIndependentTargetsInParallel = 1;
				LastSwiftUpdateCheck = 1420;
				LastUpgradeCheck = 1620;
				TargetAttributes = {
					870A51A1294700DE0095C7EB = {
						CreatedOnToolsVersion = 14.1;
						LastSwiftMigration = 1410;
					};
					872923FF2951525C007156B1 = {
						CreatedOnToolsVersion = 14.1;
					};
				};
			};
			buildConfigurationList = 870A519D294700DE0095C7EB /* Build configuration list for PBXProject "MarkEdit" */;
			compatibilityVersion = "Xcode 14.0";
			developmentRegion = en;
			hasScannedForEncodings = 0;
			knownRegions = (
				en,
				Base,
				"zh-Hans",
				"zh-Hant",
			);
			mainGroup = 870A5199294700DE0095C7EB;
			productRefGroup = 870A51A3294700DE0095C7EB /* Products */;
			projectDirPath = "";
			projectRoot = "";
			targets = (
				870A51A1294700DE0095C7EB /* MarkEditMac */,
				872923FF2951525C007156B1 /* PreviewExtension */,
			);
		};
/* End PBXProject section */

/* Begin PBXResourcesBuildPhase section */
		870A51A0294700DE0095C7EB /* Resources */ = {
			isa = PBXResourcesBuildPhase;
			buildActionMask = 2147483647;
			files = (
				87ACA65C2C858AF4008E24BA /* chunks in Resources */,
				870A51C9294752530095C7EB /* index.html in Resources */,
				87132AA32C188FE900FD262B /* AppShortcuts.xcstrings in Resources */,
				870A51AA294700E00095C7EB /* Assets.xcassets in Resources */,
				8757F7FC2AAC815F001957DD /* Localizable.xcstrings in Resources */,
				870A51AD294700E00095C7EB /* Main.storyboard in Resources */,
			);
			runOnlyForDeploymentPostprocessing = 0;
		};
		872923FE2951525C007156B1 /* Resources */ = {
			isa = PBXResourcesBuildPhase;
			buildActionMask = 2147483647;
			files = (
				8729240B2951525C007156B1 /* Main.xib in Resources */,
				876578FA2993853500A1388A /* index.html in Resources */,
			);
			runOnlyForDeploymentPostprocessing = 0;
		};
/* End PBXResourcesBuildPhase section */

/* Begin PBXSourcesBuildPhase section */
		870A519E294700DE0095C7EB /* Sources */ = {
			isa = PBXSourcesBuildPhase;
			buildActionMask = 2147483647;
			files = (
				8725E0822977EF46006A4961 /* EditorViewController+Toolbar.swift in Sources */,
				874BE6F429BB37FA002F83BA /* IntentProvider.swift in Sources */,
				87B3ED5D2CBCADD6001FA6CE /* NSDocumentController+Extension.swift in Sources */,
				874BE70E29BB73CA002F83BA /* UpdateFileContentIntent.swift in Sources */,
				8780AC202982A2DD00065EF4 /* WindowSettingsView.swift in Sources */,
				87BD071229699A290053EF5F /* EditorViewController+Preview.swift in Sources */,
				878B7B9A2CE0DA8A00220F39 /* EditorViewController+FileVersion.swift in Sources */,
				873D6402295FCC3E0095DEF7 /* AppResources.swift in Sources */,
				87877E722BD0B89C0082DC73 /* Unchecked.swift in Sources */,
				870A51BC294702AF0095C7EB /* AppDelegate.swift in Sources */,
				87FAFFD72BE0B6A300FA509D /* AppDelegate+FileSystem.swift in Sources */,
				8780AC1E2982A2C900065EF4 /* EditorSettingsView.swift in Sources */,
				8767BBB5295AD62700BFACAE /* EditorReplaceButtons.swift in Sources */,
				87BDF6E42976C97100548079 /* EditorViewController+GotoLine.swift in Sources */,
				874BE6FB29BB5804002F83BA /* AppIntent+Extension.swift in Sources */,
				87F2B5F429ACF56E0027103E /* EditorViewController+Completion.swift in Sources */,
				8772E385294AC60D00111E83 /* EditorReusePool.swift in Sources */,
				8709C69E29B4412F009EABB5 /* AssistantSettingsView.swift in Sources */,
				877A6D802C77248A001EC516 /* NSPopover+Extension.swift in Sources */,
				874BE70229BB5889002F83BA /* GetFileContentIntent.swift in Sources */,
				8769BABE2C65F9D400EDA0A6 /* AppRuntimeConfig.swift in Sources */,
				870F17662984D2C000003DA7 /* EditorViewController+LineEndings.swift in Sources */,
				8790B6EC297036B2000DFC1A /* EditorWindow.swift in Sources */,
				8765FD252AF28F1000C645A8 /* AppUpdater.swift in Sources */,
				87DCB6202B284AAD00A3056F /* AppHacks.swift in Sources */,
				874BE6F729BB57AC002F83BA /* IntentError.swift in Sources */,
				87AA1224296560AE00BE4719 /* EditorViewController+HyperLink.swift in Sources */,
				8725E0802977EEB3006A4961 /* EditorToolbarItems.swift in Sources */,
				870A51B9294702AF0095C7EB /* EditorViewController.swift in Sources */,
				8729C5A6294B5E6B006F262B /* EditorViewController+Menu.swift in Sources */,
				87AAEDF7295825D800C8E61C /* EditorFindPanel+Delegate.swift in Sources */,
				871C995B2973F1E6003FF3A7 /* AppDelegate+Document.swift in Sources */,
				87AAEE0229585ADC00C8E61C /* AppPreferences.swift in Sources */,
				8723B46929C0A6EA0013D5D5 /* EvaluateJavaScriptIntent.swift in Sources */,
				873126E4297BAC9C001521A0 /* EditorViewController+Pandoc.swift in Sources */,
				84FB00F02C6C4AED00850E94 /* MarkEditWritingTools.m in Sources */,
				87D9322E2A925C6700B20D84 /* EditorReplaceTextField.swift in Sources */,
				877B965D2C63815000186414 /* AppHotKeys.swift in Sources */,
				87091B9A2A963C6B00F5EF0D /* EditorTextInput.swift in Sources */,
				87850C8629482A8600D1A952 /* NSApplication+Extension.swift in Sources */,
				8767BBB1295A8C1D00BFACAE /* EditorViewController+Delegate.swift in Sources */,
				87DE081B294DDA49004AD33A /* AppTheme.swift in Sources */,
				870F17682985285B00003DA7 /* EditorViewController+Config.swift in Sources */,
				8780AC1C29829EDD00065EF4 /* GeneralSettingsView.swift in Sources */,
				874788622C85E11D00ECF05B /* EditorChunkLoader.swift in Sources */,
				871C995D2973F20E003FF3A7 /* AppDelegate+Menu.swift in Sources */,
				87DE084B294E22C5004AD33A /* EditorViewController+TextFinder.swift in Sources */,
				87BEF30129A88F6800596E17 /* AppCustomization.swift in Sources */,
				8790ABD42A98F5F40083825C /* EditorViewController+Statistics.swift in Sources */,
				8752CEB6295B2F8800BA9D5B /* EditorPanelView.swift in Sources */,
				870A51BA294702AF0095C7EB /* EditorWindowController.swift in Sources */,
				874AAE2E2959F197000E0E84 /* EditorReplacePanel.swift in Sources */,
				87A73AB3294C4B27006A710E /* EditorWebView.swift in Sources */,
				8767BBAF295A8BA500BFACAE /* EditorViewController+UI.swift in Sources */,
				878AABE92CB111410081C5E1 /* EditorMenuItem.swift in Sources */,
				87AAEDF52958258C00C8E61C /* EditorFindPanel+UI.swift in Sources */,
				87A73AB5294C4B48006A710E /* EditorFindPanel.swift in Sources */,
				8765FD292AF291D300C645A8 /* AppVersion.swift in Sources */,
				874BE70829BB62BA002F83BA /* CreateNewDocumentIntent.swift in Sources */,
				870A51BD294702AF0095C7EB /* EditorDocument.swift in Sources */,
				8780AC182982554800065EF4 /* SettingTabs.swift in Sources */,
				87B3ED5A2CBCA97D001FA6CE /* AppDocumentController.swift in Sources */,
				87F2B61429AF2F3A0027103E /* NSSpellChecker+Extension.swift in Sources */,
				879715C92D11548C0069964D /* EditorSaveOptionsView.swift in Sources */,
				87AAEDF929582C2700C8E61C /* EditorFindPanel+Menu.swift in Sources */,
				873ACD4729644E2F00431498 /* EditorViewController+Encoding.swift in Sources */,
				874065792BB505F500B5CE5A /* EditorViewController+Events.swift in Sources */,
				87067E2729755D5C0052E795 /* EditorStatusView.swift in Sources */,
				87ACB6942BD8CA8400CE6F9E /* Application.swift in Sources */,
			);
			runOnlyForDeploymentPostprocessing = 0;
		};
		872923FC2951525C007156B1 /* Sources */ = {
			isa = PBXSourcesBuildPhase;
			buildActionMask = 2147483647;
			files = (
				872924062951525C007156B1 /* PreviewViewController.swift in Sources */,
			);
			runOnlyForDeploymentPostprocessing = 0;
		};
/* End PBXSourcesBuildPhase section */

/* Begin PBXTargetDependency section */
		8729240F2951525C007156B1 /* PBXTargetDependency */ = {
			isa = PBXTargetDependency;
			target = 872923FF2951525C007156B1 /* PreviewExtension */;
			targetProxy = 8729240E2951525C007156B1 /* PBXContainerItemProxy */;
		};
		87BFF24E298AB754006C31E4 /* PBXTargetDependency */ = {
			isa = PBXTargetDependency;
			productRef = 87BFF24D298AB754006C31E4 /* SwiftLint */;
		};
/* End PBXTargetDependency section */

/* Begin PBXVariantGroup section */
		870A51AB294700E00095C7EB /* Main.storyboard */ = {
			isa = PBXVariantGroup;
			children = (
				870A51AC294700E00095C7EB /* Base */,
				8757F7FA2AAC815F001957DD /* mul */,
			);
			name = Main.storyboard;
			sourceTree = "<group>";
		};
		872924092951525C007156B1 /* Main.xib */ = {
			isa = PBXVariantGroup;
			children = (
				8729240A2951525C007156B1 /* Base */,
				8757F7F92AAC815F001957DD /* mul */,
			);
			name = Main.xib;
			sourceTree = "<group>";
		};
/* End PBXVariantGroup section */

/* Begin XCBuildConfiguration section */
		870A51AF294700E00095C7EB /* Debug */ = {
			isa = XCBuildConfiguration;
			baseConfigurationReference = 8743B26229593B2000F83DAE /* Build.xcconfig */;
			buildSettings = {
				ALWAYS_SEARCH_USER_PATHS = NO;
				ASSETCATALOG_COMPILER_GENERATE_SWIFT_ASSET_SYMBOL_EXTENSIONS = YES;
				CLANG_ANALYZER_LOCALIZABILITY_NONLOCALIZED = YES;
				CLANG_ANALYZER_NONNULL = YES;
				CLANG_ANALYZER_NUMBER_OBJECT_CONVERSION = YES_AGGRESSIVE;
				CLANG_CXX_LANGUAGE_STANDARD = "gnu++20";
				CLANG_ENABLE_MODULES = YES;
				CLANG_ENABLE_OBJC_ARC = YES;
				CLANG_ENABLE_OBJC_WEAK = YES;
				CLANG_WARN_BLOCK_CAPTURE_AUTORELEASING = YES;
				CLANG_WARN_BOOL_CONVERSION = YES;
				CLANG_WARN_COMMA = YES;
				CLANG_WARN_CONSTANT_CONVERSION = YES;
				CLANG_WARN_DEPRECATED_OBJC_IMPLEMENTATIONS = YES;
				CLANG_WARN_DIRECT_OBJC_ISA_USAGE = YES_ERROR;
				CLANG_WARN_DOCUMENTATION_COMMENTS = YES;
				CLANG_WARN_EMPTY_BODY = YES;
				CLANG_WARN_ENUM_CONVERSION = YES;
				CLANG_WARN_INFINITE_RECURSION = YES;
				CLANG_WARN_INT_CONVERSION = YES;
				CLANG_WARN_NON_LITERAL_NULL_CONVERSION = YES;
				CLANG_WARN_OBJC_IMPLICIT_RETAIN_SELF = YES;
				CLANG_WARN_OBJC_LITERAL_CONVERSION = YES;
				CLANG_WARN_OBJC_ROOT_CLASS = YES_ERROR;
				CLANG_WARN_QUOTED_INCLUDE_IN_FRAMEWORK_HEADER = YES;
				CLANG_WARN_RANGE_LOOP_ANALYSIS = YES;
				CLANG_WARN_STRICT_PROTOTYPES = YES;
				CLANG_WARN_SUSPICIOUS_MOVE = YES;
				CLANG_WARN_UNGUARDED_AVAILABILITY = YES_AGGRESSIVE;
				CLANG_WARN_UNREACHABLE_CODE = YES;
				CLANG_WARN__DUPLICATE_METHOD_MATCH = YES;
				COPY_PHASE_STRIP = NO;
				DEAD_CODE_STRIPPING = YES;
				DEBUG_INFORMATION_FORMAT = dwarf;
				ENABLE_STRICT_OBJC_MSGSEND = YES;
				ENABLE_TESTABILITY = YES;
				GCC_C_LANGUAGE_STANDARD = gnu11;
				GCC_DYNAMIC_NO_PIC = NO;
				GCC_NO_COMMON_BLOCKS = YES;
				GCC_OPTIMIZATION_LEVEL = 0;
				GCC_PREPROCESSOR_DEFINITIONS = (
					"DEBUG=1",
					"$(inherited)",
				);
				GCC_TREAT_INCOMPATIBLE_POINTER_TYPE_WARNINGS_AS_ERRORS = YES;
				GCC_TREAT_WARNINGS_AS_ERRORS = YES;
				GCC_WARN_64_TO_32_BIT_CONVERSION = YES;
				GCC_WARN_ABOUT_RETURN_TYPE = YES_ERROR;
				GCC_WARN_UNDECLARED_SELECTOR = YES;
				GCC_WARN_UNINITIALIZED_AUTOS = YES_AGGRESSIVE;
				GCC_WARN_UNUSED_FUNCTION = YES;
				GCC_WARN_UNUSED_VARIABLE = YES;
				LOCALIZATION_PREFERS_STRING_CATALOGS = YES;
				MACOSX_DEPLOYMENT_TARGET = 14.0;
				MTL_ENABLE_DEBUG_INFO = INCLUDE_SOURCE;
				MTL_FAST_MATH = YES;
				ONLY_ACTIVE_ARCH = YES;
				SDKROOT = macosx;
				SWIFT_ACTIVE_COMPILATION_CONDITIONS = DEBUG;
				SWIFT_EMIT_LOC_STRINGS = YES;
				SWIFT_OPTIMIZATION_LEVEL = "-Onone";
				SWIFT_STRICT_CONCURRENCY = complete;
				SWIFT_TREAT_WARNINGS_AS_ERRORS = YES;
			};
			name = Debug;
		};
		870A51B0294700E00095C7EB /* Release */ = {
			isa = XCBuildConfiguration;
			baseConfigurationReference = 8743B26229593B2000F83DAE /* Build.xcconfig */;
			buildSettings = {
				ALWAYS_SEARCH_USER_PATHS = NO;
				ASSETCATALOG_COMPILER_GENERATE_SWIFT_ASSET_SYMBOL_EXTENSIONS = YES;
				CLANG_ANALYZER_LOCALIZABILITY_NONLOCALIZED = YES;
				CLANG_ANALYZER_NONNULL = YES;
				CLANG_ANALYZER_NUMBER_OBJECT_CONVERSION = YES_AGGRESSIVE;
				CLANG_CXX_LANGUAGE_STANDARD = "gnu++20";
				CLANG_ENABLE_MODULES = YES;
				CLANG_ENABLE_OBJC_ARC = YES;
				CLANG_ENABLE_OBJC_WEAK = YES;
				CLANG_WARN_BLOCK_CAPTURE_AUTORELEASING = YES;
				CLANG_WARN_BOOL_CONVERSION = YES;
				CLANG_WARN_COMMA = YES;
				CLANG_WARN_CONSTANT_CONVERSION = YES;
				CLANG_WARN_DEPRECATED_OBJC_IMPLEMENTATIONS = YES;
				CLANG_WARN_DIRECT_OBJC_ISA_USAGE = YES_ERROR;
				CLANG_WARN_DOCUMENTATION_COMMENTS = YES;
				CLANG_WARN_EMPTY_BODY = YES;
				CLANG_WARN_ENUM_CONVERSION = YES;
				CLANG_WARN_INFINITE_RECURSION = YES;
				CLANG_WARN_INT_CONVERSION = YES;
				CLANG_WARN_NON_LITERAL_NULL_CONVERSION = YES;
				CLANG_WARN_OBJC_IMPLICIT_RETAIN_SELF = YES;
				CLANG_WARN_OBJC_LITERAL_CONVERSION = YES;
				CLANG_WARN_OBJC_ROOT_CLASS = YES_ERROR;
				CLANG_WARN_QUOTED_INCLUDE_IN_FRAMEWORK_HEADER = YES;
				CLANG_WARN_RANGE_LOOP_ANALYSIS = YES;
				CLANG_WARN_STRICT_PROTOTYPES = YES;
				CLANG_WARN_SUSPICIOUS_MOVE = YES;
				CLANG_WARN_UNGUARDED_AVAILABILITY = YES_AGGRESSIVE;
				CLANG_WARN_UNREACHABLE_CODE = YES;
				CLANG_WARN__DUPLICATE_METHOD_MATCH = YES;
				COPY_PHASE_STRIP = NO;
				DEAD_CODE_STRIPPING = YES;
				DEBUG_INFORMATION_FORMAT = "dwarf-with-dsym";
				ENABLE_NS_ASSERTIONS = NO;
				ENABLE_STRICT_OBJC_MSGSEND = YES;
				GCC_C_LANGUAGE_STANDARD = gnu11;
				GCC_NO_COMMON_BLOCKS = YES;
				GCC_TREAT_INCOMPATIBLE_POINTER_TYPE_WARNINGS_AS_ERRORS = YES;
				GCC_TREAT_WARNINGS_AS_ERRORS = YES;
				GCC_WARN_64_TO_32_BIT_CONVERSION = YES;
				GCC_WARN_ABOUT_RETURN_TYPE = YES_ERROR;
				GCC_WARN_UNDECLARED_SELECTOR = YES;
				GCC_WARN_UNINITIALIZED_AUTOS = YES_AGGRESSIVE;
				GCC_WARN_UNUSED_FUNCTION = YES;
				GCC_WARN_UNUSED_VARIABLE = YES;
				LOCALIZATION_PREFERS_STRING_CATALOGS = YES;
				MACOSX_DEPLOYMENT_TARGET = 14.0;
				MTL_ENABLE_DEBUG_INFO = NO;
				MTL_FAST_MATH = YES;
				SDKROOT = macosx;
				SWIFT_COMPILATION_MODE = wholemodule;
				SWIFT_EMIT_LOC_STRINGS = YES;
				SWIFT_OPTIMIZATION_LEVEL = "-O";
				SWIFT_STRICT_CONCURRENCY = complete;
				SWIFT_TREAT_WARNINGS_AS_ERRORS = YES;
			};
			name = Release;
		};
		870A51B2294700E00095C7EB /* Debug */ = {
			isa = XCBuildConfiguration;
			baseConfigurationReference = 8743B26229593B2000F83DAE /* Build.xcconfig */;
			buildSettings = {
				ASSETCATALOG_COMPILER_APPICON_NAME = AppIcon;
				ASSETCATALOG_COMPILER_GLOBAL_ACCENT_COLOR_NAME = AccentColor;
				CLANG_ENABLE_MODULES = YES;
				CODE_SIGN_ENTITLEMENTS = MarkEditMac/Info.entitlements;
				CODE_SIGN_IDENTITY = "$(inherited)";
				CODE_SIGN_STYLE = Automatic;
				COMBINE_HIDPI_IMAGES = YES;
				CURRENT_PROJECT_VERSION = "$(inherited)";
				DEAD_CODE_STRIPPING = YES;
				DEVELOPMENT_TEAM = "$(inherited)";
				ENABLE_HARDENED_RUNTIME = YES;
				GENERATE_INFOPLIST_FILE = YES;
				INFOPLIST_FILE = MarkEditMac/Info.plist;
				INFOPLIST_KEY_CFBundleDisplayName = MarkEdit;
				INFOPLIST_KEY_LSApplicationCategoryType = "public.app-category.productivity";
				INFOPLIST_KEY_NSHumanReadableCopyright = "";
				INFOPLIST_KEY_NSMainStoryboardFile = Main;
				INFOPLIST_KEY_NSPrincipalClass = "$(PRODUCT_NAME).Application";
				LD_RUNPATH_SEARCH_PATHS = (
					"$(inherited)",
					"@executable_path/../Frameworks",
				);
				MARKETING_VERSION = "$(inherited)";
				PRODUCT_BUNDLE_IDENTIFIER = "$(inherited)";
				PRODUCT_NAME = MarkEdit;
				SWIFT_EMIT_LOC_STRINGS = YES;
				SWIFT_OBJC_BRIDGING_HEADER = "MarkEditMac/Sources/ObjC/MarkEditMac-Bridging-Header.h";
				SWIFT_OPTIMIZATION_LEVEL = "-Onone";
				SWIFT_VERSION = 5.0;
			};
			name = Debug;
		};
		870A51B3294700E00095C7EB /* Release */ = {
			isa = XCBuildConfiguration;
			baseConfigurationReference = 8743B26229593B2000F83DAE /* Build.xcconfig */;
			buildSettings = {
				ASSETCATALOG_COMPILER_APPICON_NAME = AppIcon;
				ASSETCATALOG_COMPILER_GLOBAL_ACCENT_COLOR_NAME = AccentColor;
				CLANG_ENABLE_MODULES = YES;
				CODE_SIGN_ENTITLEMENTS = MarkEditMac/Info.entitlements;
				CODE_SIGN_IDENTITY = "$(inherited)";
				CODE_SIGN_STYLE = Automatic;
				COMBINE_HIDPI_IMAGES = YES;
				CURRENT_PROJECT_VERSION = "$(inherited)";
				DEAD_CODE_STRIPPING = YES;
				DEVELOPMENT_TEAM = "$(inherited)";
				ENABLE_HARDENED_RUNTIME = YES;
				GENERATE_INFOPLIST_FILE = YES;
				INFOPLIST_FILE = MarkEditMac/Info.plist;
				INFOPLIST_KEY_CFBundleDisplayName = MarkEdit;
				INFOPLIST_KEY_LSApplicationCategoryType = "public.app-category.productivity";
				INFOPLIST_KEY_NSHumanReadableCopyright = "";
				INFOPLIST_KEY_NSMainStoryboardFile = Main;
				INFOPLIST_KEY_NSPrincipalClass = "$(PRODUCT_NAME).Application";
				LD_RUNPATH_SEARCH_PATHS = (
					"$(inherited)",
					"@executable_path/../Frameworks",
				);
				MARKETING_VERSION = "$(inherited)";
				PRODUCT_BUNDLE_IDENTIFIER = "$(inherited)";
				PRODUCT_NAME = MarkEdit;
				SWIFT_EMIT_LOC_STRINGS = YES;
				SWIFT_OBJC_BRIDGING_HEADER = "MarkEditMac/Sources/ObjC/MarkEditMac-Bridging-Header.h";
				SWIFT_VERSION = 5.0;
			};
			name = Release;
		};
		872924122951525C007156B1 /* Debug */ = {
			isa = XCBuildConfiguration;
			baseConfigurationReference = 8743B26229593B2000F83DAE /* Build.xcconfig */;
			buildSettings = {
				CODE_SIGN_ENTITLEMENTS = PreviewExtension/Info.entitlements;
				CODE_SIGN_IDENTITY = "$(inherited)";
				CODE_SIGN_STYLE = Automatic;
				CURRENT_PROJECT_VERSION = "$(inherited)";
				DEAD_CODE_STRIPPING = YES;
				DEVELOPMENT_TEAM = "$(inherited)";
				ENABLE_HARDENED_RUNTIME = YES;
				GENERATE_INFOPLIST_FILE = YES;
				INFOPLIST_FILE = PreviewExtension/Info.plist;
				INFOPLIST_KEY_CFBundleDisplayName = MarkEdit;
				INFOPLIST_KEY_NSHumanReadableCopyright = "";
				LD_RUNPATH_SEARCH_PATHS = (
					"$(inherited)",
					"@executable_path/../Frameworks",
					"@executable_path/../../../../Frameworks",
				);
				MACOSX_DEPLOYMENT_TARGET = 14.0;
				MARKETING_VERSION = "$(inherited)";
				PRODUCT_BUNDLE_IDENTIFIER = "$(inherited).preview-extension";
				PRODUCT_NAME = "$(TARGET_NAME)";
				SKIP_INSTALL = YES;
				SWIFT_EMIT_LOC_STRINGS = YES;
				SWIFT_VERSION = 5.0;
			};
			name = Debug;
		};
		872924132951525C007156B1 /* Release */ = {
			isa = XCBuildConfiguration;
			baseConfigurationReference = 8743B26229593B2000F83DAE /* Build.xcconfig */;
			buildSettings = {
				CODE_SIGN_ENTITLEMENTS = PreviewExtension/Info.entitlements;
				CODE_SIGN_IDENTITY = "$(inherited)";
				CODE_SIGN_STYLE = Automatic;
				CURRENT_PROJECT_VERSION = "$(inherited)";
				DEAD_CODE_STRIPPING = YES;
				DEVELOPMENT_TEAM = "$(inherited)";
				ENABLE_HARDENED_RUNTIME = YES;
				GENERATE_INFOPLIST_FILE = YES;
				INFOPLIST_FILE = PreviewExtension/Info.plist;
				INFOPLIST_KEY_CFBundleDisplayName = MarkEdit;
				INFOPLIST_KEY_NSHumanReadableCopyright = "";
				LD_RUNPATH_SEARCH_PATHS = (
					"$(inherited)",
					"@executable_path/../Frameworks",
					"@executable_path/../../../../Frameworks",
				);
				MACOSX_DEPLOYMENT_TARGET = 14.0;
				MARKETING_VERSION = "$(inherited)";
				PRODUCT_BUNDLE_IDENTIFIER = "$(inherited).preview-extension";
				PRODUCT_NAME = "$(TARGET_NAME)";
				SKIP_INSTALL = YES;
				SWIFT_EMIT_LOC_STRINGS = YES;
				SWIFT_VERSION = 5.0;
			};
			name = Release;
		};
/* End XCBuildConfiguration section */

/* Begin XCConfigurationList section */
		870A519D294700DE0095C7EB /* Build configuration list for PBXProject "MarkEdit" */ = {
			isa = XCConfigurationList;
			buildConfigurations = (
				870A51AF294700E00095C7EB /* Debug */,
				870A51B0294700E00095C7EB /* Release */,
			);
			defaultConfigurationIsVisible = 0;
			defaultConfigurationName = Release;
		};
		870A51B1294700E00095C7EB /* Build configuration list for PBXNativeTarget "MarkEditMac" */ = {
			isa = XCConfigurationList;
			buildConfigurations = (
				870A51B2294700E00095C7EB /* Debug */,
				870A51B3294700E00095C7EB /* Release */,
			);
			defaultConfigurationIsVisible = 0;
			defaultConfigurationName = Release;
		};
		872924142951525C007156B1 /* Build configuration list for PBXNativeTarget "PreviewExtension" */ = {
			isa = XCConfigurationList;
			buildConfigurations = (
				872924122951525C007156B1 /* Debug */,
				872924132951525C007156B1 /* Release */,
			);
			defaultConfigurationIsVisible = 0;
			defaultConfigurationName = Release;
		};
/* End XCConfigurationList section */

/* Begin XCSwiftPackageProductDependency section */
		8701D0A32CC12321006AF8C2 /* FileVersion */ = {
			isa = XCSwiftPackageProductDependency;
			productName = FileVersion;
		};
		870F177C29855CA500003DA7 /* MarkEditKit */ = {
			isa = XCSwiftPackageProductDependency;
			productName = MarkEditKit;
		};
		870F178D2985775B00003DA7 /* AppKitControls */ = {
			isa = XCSwiftPackageProductDependency;
			productName = AppKitControls;
		};
		870F178F2985775B00003DA7 /* AppKitExtensions */ = {
			isa = XCSwiftPackageProductDependency;
			productName = AppKitExtensions;
		};
		870F17912985775B00003DA7 /* Previewer */ = {
			isa = XCSwiftPackageProductDependency;
			productName = Previewer;
		};
		870F17952985775B00003DA7 /* SettingsUI */ = {
			isa = XCSwiftPackageProductDependency;
			productName = SettingsUI;
		};
		874823CD29B0BD980067EC49 /* TextCompletion */ = {
			isa = XCSwiftPackageProductDependency;
			productName = TextCompletion;
		};
		8775A77A29867012005867BF /* FontPicker */ = {
			isa = XCSwiftPackageProductDependency;
			productName = FontPicker;
		};
		8790ABDA2A98FF610083825C /* Statistics */ = {
			isa = XCSwiftPackageProductDependency;
			productName = Statistics;
		};
		87B3ED8E2CBE1E12001FA6CE /* DiffKit */ = {
			isa = XCSwiftPackageProductDependency;
			productName = DiffKit;
		};
		87BFF24D298AB754006C31E4 /* SwiftLint */ = {
			isa = XCSwiftPackageProductDependency;
			productName = "plugin:SwiftLint";
		};
		87CC48FC29CC01E100BE1441 /* TextBundle */ = {
			isa = XCSwiftPackageProductDependency;
			productName = TextBundle;
		};
		87EB9900295755DA00A56B97 /* MarkEditCore */ = {
			isa = XCSwiftPackageProductDependency;
			productName = MarkEditCore;
		};
/* End XCSwiftPackageProductDependency section */
	};
	rootObject = 870A519A294700DE0095C7EB /* Project object */;
}
